# This file was autogenerated by Stack.
# You should not edit this file by hand.
# For more information, please see the documentation at:
#   https://docs.haskellstack.org/en/stable/lock_files

packages: []
snapshots:
- completed:
    size: 501928
    url: https://raw.githubusercontent.com/commercialhaskell/stackage-snapshots/master/nightly/2020/3/13.yaml
    sha256: e0e5325773fb694b7a0e14386d1f2067784f987488cb6ddcf43283505eba38c5
  original: nightly-2020-03-13
